
Microsoft Visual Studio Solution File, Format Version 12.00
# Visual Studio 2013
VisualStudioVersion = 12.0.21005.1
MinimumVisualStudioVersion = 10.0.40219.1
Project("{FAE04EC0-301F-11D3-BF4B-00C04F79EFBC}") = "BackEnd", "BackEnd\BackEnd.csproj", "{764440E8-F9E3-4C29-BD8D-0ADDB0F28E29}"
EndProject
Project("{FAE04EC0-301F-11D3-BF4B-00C04F79EFBC}") = "BusinessEntities", "BusinessEntities\BusinessEntities.csproj", "{DB494F62-118A-4D06-ACE7-4F3DB68A6E71}"
EndProject
Project("{FAE04EC0-301F-11D3-BF4B-00C04F79EFBC}") = "BussinessRules", "BussinessRules\BussinessRules.csproj", "{98274A39-5786-4445-9FC9-72C54488C0E0}"
EndProject
Project("{FAE04EC0-301F-11D3-BF4B-00C04F79EFBC}") = "DataAccess", "DataAccess\DataAccess.csproj", "{1FBD92AF-23EE-4480-81C1-33375DC29252}"
EndProject
Project("{FAE04EC0-301F-11D3-BF4B-00C04F79EFBC}") = "WebApiRest", "WebApiRest\WebApiRest.csproj", "{AF5175F0-D5B0-4A83-8C0E-AE157EF25EA0}"
EndProject
Global
	GlobalSection(SolutionConfigurationPlatforms) = preSolution
		Debug|Any CPU = Debug|Any CPU
		Release|Any CPU = Release|Any CPU
	EndGlobalSection
	GlobalSection(ProjectConfigurationPlatforms) = postSolution
		{764440E8-F9E3-4C29-BD8D-0ADDB0F28E29}.Debug|Any CPU.ActiveCfg = Debug|Any CPU
		{764440E8-F9E3-4C29-BD8D-0ADDB0F28E29}.Debug|Any CPU.Build.0 = Debug|Any CPU
		{764440E8-F9E3-4C29-BD8D-0ADDB0F28E29}.Release|Any CPU.ActiveCfg = Release|Any CPU
		{764440E8-F9E3-4C29-BD8D-0ADDB0F28E29}.Release|Any CPU.Build.0 = Release|Any CPU
		{DB494F62-118A-4D06-ACE7-4F3DB68A6E71}.Debug|Any CPU.ActiveCfg = Debug|Any CPU
		{DB494F62-118A-4D06-ACE7-4F3DB68A6E71}.Debug|Any CPU.Build.0 = Debug|Any CPU
		{DB494F62-118A-4D06-ACE7-4F3DB68A6E71}.Release|Any CPU.ActiveCfg = Release|Any CPU
		{DB494F62-118A-4D06-ACE7-4F3DB68A6E71}.Release|Any CPU.Build.0 = Release|Any CPU
		{98274A39-5786-4445-9FC9-72C54488C0E0}.Debug|Any CPU.ActiveCfg = Debug|Any CPU
		{98274A39-5786-4445-9FC9-72C54488C0E0}.Debug|Any CPU.Build.0 = Debug|Any CPU
		{98274A39-5786-4445-9FC9-72C54488C0E0}.Release|Any CPU.ActiveCfg = Release|Any CPU
		{98274A39-5786-4445-9FC9-72C54488C0E0}.Release|Any CPU.Build.0 = Release|Any CPU
		{1FBD92AF-23EE-4480-81C1-33375DC29252}.Debug|Any CPU.ActiveCfg = Debug|Any CPU
		{1FBD92AF-23EE-4480-81C1-33375DC29252}.Debug|Any CPU.Build.0 = Debug|Any CPU
		{1FBD92AF-23EE-4480-81C1-33375DC29252}.Release|Any CPU.ActiveCfg = Release|Any CPU
		{1FBD92AF-23EE-4480-81C1-33375DC29252}.Release|Any CPU.Build.0 = Release|Any CPU
		{AF5175F0-D5B0-4A83-8C0E-AE157EF25EA0}.Debug|Any CPU.ActiveCfg = Debug|Any CPU
		{AF5175F0-D5B0-4A83-8C0E-AE157EF25EA0}.Debug|Any CPU.Build.0 = Debug|Any CPU
		{AF5175F0-D5B0-4A83-8C0E-AE157EF25EA0}.Release|Any CPU.ActiveCfg = Release|Any CPU
		{AF5175F0-D5B0-4A83-8C0E-AE157EF25EA0}.Release|Any CPU.Build.0 = Release|Any CPU
	EndGlobalSection
	GlobalSection(SolutionProperties) = preSolution
		HideSolutionNode = FALSE
	EndGlobalSection
EndGlobal
